// !$*UTF8*$!
{
	archiveVersion = 1;
	classes = {
	};
	objectVersion = 50;
	objects = {

/* Begin PBXBuildFile section */
		6D085EEC264B8377001B0DF4 /* DetailViewController.swift in Sources */ = {isa = PBXBuildFile; fileRef = 6D085EEB264B8377001B0DF4 /* DetailViewController.swift */; };
		6D1118FA263F26BD00804536 /* AppDelegate.swift in Sources */ = {isa = PBXBuildFile; fileRef = 6D1118F9263F26BD00804536 /* AppDelegate.swift */; };
		6D1118FC263F26BD00804536 /* SceneDelegate.swift in Sources */ = {isa = PBXBuildFile; fileRef = 6D1118FB263F26BD00804536 /* SceneDelegate.swift */; };
		6D111901263F26BD00804536 /* Main.storyboard in Resources */ = {isa = PBXBuildFile; fileRef = 6D1118FF263F26BD00804536 /* Main.storyboard */; };
		6D111903263F26BE00804536 /* Assets.xcassets in Resources */ = {isa = PBXBuildFile; fileRef = 6D111902263F26BE00804536 /* Assets.xcassets */; };
		6D111906263F26BE00804536 /* LaunchScreen.storyboard in Resources */ = {isa = PBXBuildFile; fileRef = 6D111904263F26BE00804536 /* LaunchScreen.storyboard */; };
		6D111911263F26BE00804536 /* LootLoggerTests.swift in Sources */ = {isa = PBXBuildFile; fileRef = 6D111910263F26BE00804536 /* LootLoggerTests.swift */; };
		6D11191C263F26BE00804536 /* LootLoggerUITests.swift in Sources */ = {isa = PBXBuildFile; fileRef = 6D11191B263F26BE00804536 /* LootLoggerUITests.swift */; };
		6D11192A263F278900804536 /* ItemsViewController.swift in Sources */ = {isa = PBXBuildFile; fileRef = 6D111929263F278900804536 /* ItemsViewController.swift */; };
		6D11192C263F28AE00804536 /* Item.swift in Sources */ = {isa = PBXBuildFile; fileRef = 6D11192B263F28AE00804536 /* Item.swift */; };
		6D11192E263F2CB000804536 /* ItemStore.swift in Sources */ = {isa = PBXBuildFile; fileRef = 6D11192D263F2CB000804536 /* ItemStore.swift */; };
		6D231AED2652C819001BAB3C /* DatePickerViewController.swift in Sources */ = {isa = PBXBuildFile; fileRef = 6D231AEC2652C819001BAB3C /* DatePickerViewController.swift */; };
		6D5A461A26498E5F00B8FFD8 /* ItemCell.swift in Sources */ = {isa = PBXBuildFile; fileRef = 6D5A461926498E5F00B8FFD8 /* ItemCell.swift */; };
/* End PBXBuildFile section */

/* Begin PBXContainerItemProxy section */
		6D11190D263F26BE00804536 /* PBXContainerItemProxy */ = {
			isa = PBXContainerItemProxy;
			containerPortal = 6D1118EE263F26BD00804536 /* Project object */;
			proxyType = 1;
			remoteGlobalIDString = 6D1118F5263F26BD00804536;
			remoteInfo = LootLogger;
		};
		6D111918263F26BE00804536 /* PBXContainerItemProxy */ = {
			isa = PBXContainerItemProxy;
			containerPortal = 6D1118EE263F26BD00804536 /* Project object */;
			proxyType = 1;
			remoteGlobalIDString = 6D1118F5263F26BD00804536;
			remoteInfo = LootLogger;
		};
/* End PBXContainerItemProxy section */

/* Begin PBXFileReference section */
		6D085EEB264B8377001B0DF4 /* DetailViewController.swift */ = {isa = PBXFileReference; lastKnownFileType = sourcecode.swift; path = DetailViewController.swift; sourceTree = "<group>"; };
		6D1118F6263F26BD00804536 /* LootLogger.app */ = {isa = PBXFileReference; explicitFileType = wrapper.application; includeInIndex = 0; path = LootLogger.app; sourceTree = BUILT_PRODUCTS_DIR; };
		6D1118F9263F26BD00804536 /* AppDelegate.swift */ = {isa = PBXFileReference; lastKnownFileType = sourcecode.swift; path = AppDelegate.swift; sourceTree = "<group>"; };
		6D1118FB263F26BD00804536 /* SceneDelegate.swift */ = {isa = PBXFileReference; lastKnownFileType = sourcecode.swift; path = SceneDelegate.swift; sourceTree = "<group>"; };
		6D111900263F26BD00804536 /* Base */ = {isa = PBXFileReference; lastKnownFileType = file.storyboard; name = Base; path = Base.lproj/Main.storyboard; sourceTree = "<group>"; };
		6D111902263F26BE00804536 /* Assets.xcassets */ = {isa = PBXFileReference; lastKnownFileType = folder.assetcatalog; path = Assets.xcassets; sourceTree = "<group>"; };
		6D111905263F26BE00804536 /* Base */ = {isa = PBXFileReference; lastKnownFileType = file.storyboard; name = Base; path = Base.lproj/LaunchScreen.storyboard; sourceTree = "<group>"; };
		6D111907263F26BE00804536 /* Info.plist */ = {isa = PBXFileReference; lastKnownFileType = text.plist.xml; path = Info.plist; sourceTree = "<group>"; };
		6D11190C263F26BE00804536 /* LootLoggerTests.xctest */ = {isa = PBXFileReference; explicitFileType = wrapper.cfbundle; includeInIndex = 0; path = LootLoggerTests.xctest; sourceTree = BUILT_PRODUCTS_DIR; };
		6D111910263F26BE00804536 /* LootLoggerTests.swift */ = {isa = PBXFileReference; lastKnownFileType = sourcecode.swift; path = LootLoggerTests.swift; sourceTree = "<group>"; };
		6D111912263F26BE00804536 /* Info.plist */ = {isa = PBXFileReference; lastKnownFileType = text.plist.xml; path = Info.plist; sourceTree = "<group>"; };
		6D111917263F26BE00804536 /* LootLoggerUITests.xctest */ = {isa = PBXFileReference; explicitFileType = wrapper.cfbundle; includeInIndex = 0; path = LootLoggerUITests.xctest; sourceTree = BUILT_PRODUCTS_DIR; };
		6D11191B263F26BE00804536 /* LootLoggerUITests.swift */ = {isa = PBXFileReference; lastKnownFileType = sourcecode.swift; path = LootLoggerUITests.swift; sourceTree = "<group>"; };
		6D11191D263F26BE00804536 /* Info.plist */ = {isa = PBXFileReference; lastKnownFileType = text.plist.xml; path = Info.plist; sourceTree = "<group>"; };
		6D111929263F278900804536 /* ItemsViewController.swift */ = {isa = PBXFileReference; lastKnownFileType = sourcecode.swift; path = ItemsViewController.swift; sourceTree = "<group>"; };
		6D11192B263F28AE00804536 /* Item.swift */ = {isa = PBXFileReference; lastKnownFileType = sourcecode.swift; path = Item.swift; sourceTree = "<group>"; };
		6D11192D263F2CB000804536 /* ItemStore.swift */ = {isa = PBXFileReference; lastKnownFileType = sourcecode.swift; path = ItemStore.swift; sourceTree = "<group>"; };
		6D231AEC2652C819001BAB3C /* DatePickerViewController.swift */ = {isa = PBXFileReference; lastKnownFileType = sourcecode.swift; path = DatePickerViewController.swift; sourceTree = "<group>"; };
		6D5A461926498E5F00B8FFD8 /* ItemCell.swift */ = {isa = PBXFileReference; lastKnownFileType = sourcecode.swift; path = ItemCell.swift; sourceTree = "<group>"; };
/* End PBXFileReference section */

/* Begin PBXFrameworksBuildPhase section */
		6D1118F3263F26BD00804536 /* Frameworks */ = {
			isa = PBXFrameworksBuildPhase;
			buildActionMask = 2147483647;
			files = (
			);
			runOnlyForDeploymentPostprocessing = 0;
		};
		6D111909263F26BE00804536 /* Frameworks */ = {
			isa = PBXFrameworksBuildPhase;
			buildActionMask = 2147483647;
			files = (
			);
			runOnlyForDeploymentPostprocessing = 0;
		};
		6D111914263F26BE00804536 /* Frameworks */ = {
			isa = PBXFrameworksBuildPhase;
			buildActionMask = 2147483647;
			files = (
			);
			runOnlyForDeploymentPostprocessing = 0;
		};
/* End PBXFrameworksBuildPhase section */

/* Begin PBXGroup section */
		6D1118ED263F26BD00804536 = {
			isa = PBXGroup;
			children = (
				6D1118F8263F26BD00804536 /* LootLogger */,
				6D11190F263F26BE00804536 /* LootLoggerTests */,
				6D11191A263F26BE00804536 /* LootLoggerUITests */,
				6D1118F7263F26BD00804536 /* Products */,
			);
			sourceTree = "<group>";
		};
		6D1118F7263F26BD00804536 /* Products */ = {
			isa = PBXGroup;
			children = (
				6D1118F6263F26BD00804536 /* LootLogger.app */,
				6D11190C263F26BE00804536 /* LootLoggerTests.xctest */,
				6D111917263F26BE00804536 /* LootLoggerUITests.xctest */,
			);
			name = Products;
			sourceTree = "<group>";
		};
		6D1118F8263F26BD00804536 /* LootLogger */ = {
			isa = PBXGroup;
			children = (
				6D1118F9263F26BD00804536 /* AppDelegate.swift */,
				6D1118FB263F26BD00804536 /* SceneDelegate.swift */,
				6D1118FF263F26BD00804536 /* Main.storyboard */,
				6D111902263F26BE00804536 /* Assets.xcassets */,
				6D111904263F26BE00804536 /* LaunchScreen.storyboard */,
				6D111907263F26BE00804536 /* Info.plist */,
				6D111929263F278900804536 /* ItemsViewController.swift */,
				6D11192B263F28AE00804536 /* Item.swift */,
				6D11192D263F2CB000804536 /* ItemStore.swift */,
				6D5A461926498E5F00B8FFD8 /* ItemCell.swift */,
				6D085EEB264B8377001B0DF4 /* DetailViewController.swift */,
				6D231AEC2652C819001BAB3C /* DatePickerViewController.swift */,
			);
			path = LootLogger;
			sourceTree = "<group>";
		};
		6D11190F263F26BE00804536 /* LootLoggerTests */ = {
			isa = PBXGroup;
			children = (
				6D111910263F26BE00804536 /* LootLoggerTests.swift */,
				6D111912263F26BE00804536 /* Info.plist */,
			);
			path = LootLoggerTests;
			sourceTree = "<group>";
		};
		6D11191A263F26BE00804536 /* LootLoggerUITests */ = {
			isa = PBXGroup;
			children = (
				6D11191B263F26BE00804536 /* LootLoggerUITests.swift */,
				6D11191D263F26BE00804536 /* Info.plist */,
			);
			path = LootLoggerUITests;
			sourceTree = "<group>";
		};
/* End PBXGroup section */

/* Begin PBXNativeTarget section */
		6D1118F5263F26BD00804536 /* LootLogger */ = {
			isa = PBXNativeTarget;
			buildConfigurationList = 6D111920263F26BE00804536 /* Build configuration list for PBXNativeTarget "LootLogger" */;
			buildPhases = (
				6D1118F2263F26BD00804536 /* Sources */,
				6D1118F3263F26BD00804536 /* Frameworks */,
				6D1118F4263F26BD00804536 /* Resources */,
			);
			buildRules = (
			);
			dependencies = (
			);
			name = LootLogger;
			productName = LootLogger;
			productReference = 6D1118F6263F26BD00804536 /* LootLogger.app */;
			productType = "com.apple.product-type.application";
		};
		6D11190B263F26BE00804536 /* LootLoggerTests */ = {
			isa = PBXNativeTarget;
			buildConfigurationList = 6D111923263F26BE00804536 /* Build configuration list for PBXNativeTarget "LootLoggerTests" */;
			buildPhases = (
				6D111908263F26BE00804536 /* Sources */,
				6D111909263F26BE00804536 /* Frameworks */,
				6D11190A263F26BE00804536 /* Resources */,
			);
			buildRules = (
			);
			dependencies = (
				6D11190E263F26BE00804536 /* PBXTargetDependency */,
			);
			name = LootLoggerTests;
			productName = LootLoggerTests;
			productReference = 6D11190C263F26BE00804536 /* LootLoggerTests.xctest */;
			productType = "com.apple.product-type.bundle.unit-test";
		};
		6D111916263F26BE00804536 /* LootLoggerUITests */ = {
			isa = PBXNativeTarget;
			buildConfigurationList = 6D111926263F26BE00804536 /* Build configuration list for PBXNativeTarget "LootLoggerUITests" */;
			buildPhases = (
				6D111913263F26BE00804536 /* Sources */,
				6D111914263F26BE00804536 /* Frameworks */,
				6D111915263F26BE00804536 /* Resources */,
			);
			buildRules = (
			);
			dependencies = (
				6D111919263F26BE00804536 /* PBXTargetDependency */,
			);
			name = LootLoggerUITests;
			productName = LootLoggerUITests;
			productReference = 6D111917263F26BE00804536 /* LootLoggerUITests.xctest */;
			productType = "com.apple.product-type.bundle.ui-testing";
		};
/* End PBXNativeTarget section */

/* Begin PBXProject section */
		6D1118EE263F26BD00804536 /* Project object */ = {
			isa = PBXProject;
			attributes = {
				LastSwiftUpdateCheck = 1160;
				LastUpgradeCheck = 1160;
				ORGANIZATIONNAME = Ziggy;
				TargetAttributes = {
					6D1118F5263F26BD00804536 = {
						CreatedOnToolsVersion = 11.6;
					};
					6D11190B263F26BE00804536 = {
						CreatedOnToolsVersion = 11.6;
						TestTargetID = 6D1118F5263F26BD00804536;
					};
					6D111916263F26BE00804536 = {
						CreatedOnToolsVersion = 11.6;
						TestTargetID = 6D1118F5263F26BD00804536;
					};
				};
			};
			buildConfigurationList = 6D1118F1263F26BD00804536 /* Build configuration list for PBXProject "LootLogger" */;
			compatibilityVersion = "Xcode 9.3";
			developmentRegion = en;
			hasScannedForEncodings = 0;
			knownRegions = (
				en,
				Base,
			);
			mainGroup = 6D1118ED263F26BD00804536;
			productRefGroup = 6D1118F7263F26BD00804536 /* Products */;
			projectDirPath = "";
			projectRoot = "";
			targets = (
				6D1118F5263F26BD00804536 /* LootLogger */,
				6D11190B263F26BE00804536 /* LootLoggerTests */,
				6D111916263F26BE00804536 /* LootLoggerUITests */,
			);
		};
/* End PBXProject section */

/* Begin PBXResourcesBuildPhase section */
		6D1118F4263F26BD00804536 /* Resources */ = {
			isa = PBXResourcesBuildPhase;
			buildActionMask = 2147483647;
			files = (
				6D111906263F26BE00804536 /* LaunchScreen.storyboard in Resources */,
				6D111903263F26BE00804536 /* Assets.xcassets in Resources */,
				6D111901263F26BD00804536 /* Main.storyboard in Resources */,
			);
			runOnlyForDeploymentPostprocessing = 0;
		};
		6D11190A263F26BE00804536 /* Resources */ = {
			isa = PBXResourcesBuildPhase;
			buildActionMask = 2147483647;
			files = (
			);
			runOnlyForDeploymentPostprocessing = 0;
		};
		6D111915263F26BE00804536 /* Resources */ = {
			isa = PBXResourcesBuildPhase;
			buildActionMask = 2147483647;
			files = (
			);
			runOnlyForDeploymentPostprocessing = 0;
		};
/* End PBXResourcesBuildPhase section */

/* Begin PBXSourcesBuildPhase section */
		6D1118F2263F26BD00804536 /* Sources */ = {
			isa = PBXSourcesBuildPhase;
			buildActionMask = 2147483647;
			files = (
				6D11192C263F28AE00804536 /* Item.swift in Sources */,
				6D11192A263F278900804536 /* ItemsViewController.swift in Sources */,
				6D5A461A26498E5F00B8FFD8 /* ItemCell.swift in Sources */,
				6D1118FA263F26BD00804536 /* AppDelegate.swift in Sources */,
				6D231AED2652C819001BAB3C /* DatePickerViewController.swift in Sources */,
				6D11192E263F2CB000804536 /* ItemStore.swift in Sources */,
				6D1118FC263F26BD00804536 /* SceneDelegate.swift in Sources */,
				6D085EEC264B8377001B0DF4 /* DetailViewController.swift in Sources */,
			);
			runOnlyForDeploymentPostprocessing = 0;
		};
		6D111908263F26BE00804536 /* Sources */ = {
			isa = PBXSourcesBuildPhase;
			buildActionMask = 2147483647;
			files = (
				6D111911263F26BE00804536 /* LootLoggerTests.swift in Sources */,
			);
			runOnlyForDeploymentPostprocessing = 0;
		};
		6D111913263F26BE00804536 /* Sources */ = {
			isa = PBXSourcesBuildPhase;
			buildActionMask = 2147483647;
			files = (
				6D11191C263F26BE00804536 /* LootLoggerUITests.swift in Sources */,
			);
			runOnlyForDeploymentPostprocessing = 0;
		};
/* End PBXSourcesBuildPhase section */

/* Begin PBXTargetDependency section */
		6D11190E263F26BE00804536 /* PBXTargetDependency */ = {
			isa = PBXTargetDependency;
			target = 6D1118F5263F26BD00804536 /* LootLogger */;
			targetProxy = 6D11190D263F26BE00804536 /* PBXContainerItemProxy */;
		};
		6D111919263F26BE00804536 /* PBXTargetDependency */ = {
			isa = PBXTargetDependency;
			target = 6D1118F5263F26BD00804536 /* LootLogger */;
			targetProxy = 6D111918263F26BE00804536 /* PBXContainerItemProxy */;
		};
/* End PBXTargetDependency section */

/* Begin PBXVariantGroup section */
		6D1118FF263F26BD00804536 /* Main.storyboard */ = {
			isa = PBXVariantGroup;
			children = (
				6D111900263F26BD00804536 /* Base */,
			);
			name = Main.storyboard;
			sourceTree = "<group>";
		};
		6D111904263F26BE00804536 /* LaunchScreen.storyboard */ = {
			isa = PBXVariantGroup;
			children = (
				6D111905263F26BE00804536 /* Base */,
			);
			name = LaunchScreen.storyboard;
			sourceTree = "<group>";
		};
/* End PBXVariantGroup section */

/* Begin XCBuildConfiguration section */
		6D11191E263F26BE00804536 /* Debug */ = {
			isa = XCBuildConfiguration;
			buildSettings = {
				ALWAYS_SEARCH_USER_PATHS = NO;
				CLANG_ANALYZER_NONNULL = YES;
				CLANG_ANALYZER_NUMBER_OBJECT_CONVERSION = YES_AGGRESSIVE;
				CLANG_CXX_LANGUAGE_STANDARD = "gnu++14";
				CLANG_CXX_LIBRARY = "libc++";
				CLANG_ENABLE_MODULES = YES;
				CLANG_ENABLE_OBJC_ARC = YES;
				CLANG_ENABLE_OBJC_WEAK = YES;
				CLANG_WARN_BLOCK_CAPTURE_AUTORELEASING = YES;
				CLANG_WARN_BOOL_CONVERSION = YES;
				CLANG_WARN_COMMA = YES;
				CLANG_WARN_CONSTANT_CONVERSION = YES;
				CLANG_WARN_DEPRECATED_OBJC_IMPLEMENTATIONS = YES;
				CLANG_WARN_DIRECT_OBJC_ISA_USAGE = YES_ERROR;
				CLANG_WARN_DOCUMENTATION_COMMENTS = YES;
				CLANG_WARN_EMPTY_BODY = YES;
				CLANG_WARN_ENUM_CONVERSION = YES;
				CLANG_WARN_INFINITE_RECURSION = YES;
				CLANG_WARN_INT_CONVERSION = YES;
				CLANG_WARN_NON_LITERAL_NULL_CONVERSION = YES;
				CLANG_WARN_OBJC_IMPLICIT_RETAIN_SELF = YES;
				CLANG_WARN_OBJC_LITERAL_CONVERSION = YES;
				CLANG_WARN_OBJC_ROOT_CLASS = YES_ERROR;
				CLANG_WARN_RANGE_LOOP_ANALYSIS = YES;
				CLANG_WARN_STRICT_PROTOTYPES = YES;
				CLANG_WARN_SUSPICIOUS_MOVE = YES;
				CLANG_WARN_UNGUARDED_AVAILABILITY = YES_AGGRESSIVE;
				CLANG_WARN_UNREACHABLE_CODE = YES;
				CLANG_WARN__DUPLICATE_METHOD_MATCH = YES;
				COPY_PHASE_STRIP = NO;
				DEBUG_INFORMATION_FORMAT = dwarf;
				ENABLE_STRICT_OBJC_MSGSEND = YES;
				ENABLE_TESTABILITY = YES;
				GCC_C_LANGUAGE_STANDARD = gnu11;
				GCC_DYNAMIC_NO_PIC = NO;
				GCC_NO_COMMON_BLOCKS = YES;
				GCC_OPTIMIZATION_LEVEL = 0;
				GCC_PREPROCESSOR_DEFINITIONS = (
					"DEBUG=1",
					"$(inherited)",
				);
				GCC_WARN_64_TO_32_BIT_CONVERSION = YES;
				GCC_WARN_ABOUT_RETURN_TYPE = YES_ERROR;
				GCC_WARN_UNDECLARED_SELECTOR = YES;
				GCC_WARN_UNINITIALIZED_AUTOS = YES_AGGRESSIVE;
				GCC_WARN_UNUSED_FUNCTION = YES;
				GCC_WARN_UNUSED_VARIABLE = YES;
				IPHONEOS_DEPLOYMENT_TARGET = 13.6;
				MTL_ENABLE_DEBUG_INFO = INCLUDE_SOURCE;
				MTL_FAST_MATH = YES;
				ONLY_ACTIVE_ARCH = YES;
				SDKROOT = iphoneos;
				SWIFT_ACTIVE_COMPILATION_CONDITIONS = DEBUG;
				SWIFT_OPTIMIZATION_LEVEL = "-Onone";
			};
			name = Debug;
		};
		6D11191F263F26BE00804536 /* Release */ = {
			isa = XCBuildConfiguration;
			buildSettings = {
				ALWAYS_SEARCH_USER_PATHS = NO;
				CLANG_ANALYZER_NONNULL = YES;
				CLANG_ANALYZER_NUMBER_OBJECT_CONVERSION = YES_AGGRESSIVE;
				CLANG_CXX_LANGUAGE_STANDARD = "gnu++14";
				CLANG_CXX_LIBRARY = "libc++";
				CLANG_ENABLE_MODULES = YES;
				CLANG_ENABLE_OBJC_ARC = YES;
				CLANG_ENABLE_OBJC_WEAK = YES;
				CLANG_WARN_BLOCK_CAPTURE_AUTORELEASING = YES;
				CLANG_WARN_BOOL_CONVERSION = YES;
				CLANG_WARN_COMMA = YES;
				CLANG_WARN_CONSTANT_CONVERSION = YES;
				CLANG_WARN_DEPRECATED_OBJC_IMPLEMENTATIONS = YES;
				CLANG_WARN_DIRECT_OBJC_ISA_USAGE = YES_ERROR;
				CLANG_WARN_DOCUMENTATION_COMMENTS = YES;
				CLANG_WARN_EMPTY_BODY = YES;
				CLANG_WARN_ENUM_CONVERSION = YES;
				CLANG_WARN_INFINITE_RECURSION = YES;
				CLANG_WARN_INT_CONVERSION = YES;
				CLANG_WARN_NON_LITERAL_NULL_CONVERSION = YES;
				CLANG_WARN_OBJC_IMPLICIT_RETAIN_SELF = YES;
				CLANG_WARN_OBJC_LITERAL_CONVERSION = YES;
				CLANG_WARN_OBJC_ROOT_CLASS = YES_ERROR;
				CLANG_WARN_RANGE_LOOP_ANALYSIS = YES;
				CLANG_WARN_STRICT_PROTOTYPES = YES;
				CLANG_WARN_SUSPICIOUS_MOVE = YES;
				CLANG_WARN_UNGUARDED_AVAILABILITY = YES_AGGRESSIVE;
				CLANG_WARN_UNREACHABLE_CODE = YES;
				CLANG_WARN__DUPLICATE_METHOD_MATCH = YES;
				COPY_PHASE_STRIP = NO;
				DEBUG_INFORMATION_FORMAT = "dwarf-with-dsym";
				ENABLE_NS_ASSERTIONS = NO;
				ENABLE_STRICT_OBJC_MSGSEND = YES;
				GCC_C_LANGUAGE_STANDARD = gnu11;
				GCC_NO_COMMON_BLOCKS = YES;
				GCC_WARN_64_TO_32_BIT_CONVERSION = YES;
				GCC_WARN_ABOUT_RETURN_TYPE = YES_ERROR;
				GCC_WARN_UNDECLARED_SELECTOR = YES;
				GCC_WARN_UNINITIALIZED_AUTOS = YES_AGGRESSIVE;
				GCC_WARN_UNUSED_FUNCTION = YES;
				GCC_WARN_UNUSED_VARIABLE = YES;
				IPHONEOS_DEPLOYMENT_TARGET = 13.6;
				MTL_ENABLE_DEBUG_INFO = NO;
				MTL_FAST_MATH = YES;
				SDKROOT = iphoneos;
				SWIFT_COMPILATION_MODE = wholemodule;
				SWIFT_OPTIMIZATION_LEVEL = "-O";
				VALIDATE_PRODUCT = YES;
			};
			name = Release;
		};
		6D111921263F26BE00804536 /* Debug */ = {
			isa = XCBuildConfiguration;
			buildSettings = {
				ASSETCATALOG_COMPILER_APPICON_NAME = AppIcon;
				CODE_SIGN_STYLE = Automatic;
				INFOPLIST_FILE = LootLogger/Info.plist;
				LD_RUNPATH_SEARCH_PATHS = (
					"$(inherited)",
					"@executable_path/Frameworks",
				);
				PRODUCT_BUNDLE_IDENTIFIER = com.ziggy.LootLogger;
				PRODUCT_NAME = "$(TARGET_NAME)";
				SWIFT_VERSION = 5.0;
				TARGETED_DEVICE_FAMILY = "1,2";
			};
			name = Debug;
		};
		6D111922263F26BE00804536 /* Release */ = {
			isa = XCBuildConfiguration;
			buildSettings = {
				ASSETCATALOG_COMPILER_APPICON_NAME = AppIcon;
				CODE_SIGN_STYLE = Automatic;
				INFOPLIST_FILE = LootLogger/Info.plist;
				LD_RUNPATH_SEARCH_PATHS = (
					"$(inherited)",
					"@executable_path/Frameworks",
				);
				PRODUCT_BUNDLE_IDENTIFIER = com.ziggy.LootLogger;
				PRODUCT_NAME = "$(TARGET_NAME)";
				SWIFT_VERSION = 5.0;
				TARGETED_DEVICE_FAMILY = "1,2";
			};
			name = Release;
		};
		6D111924263F26BE00804536 /* Debug */ = {
			isa = XCBuildConfiguration;
			buildSettings = {
				ALWAYS_EMBED_SWIFT_STANDARD_LIBRARIES = YES;
				BUNDLE_LOADER = "$(TEST_HOST)";
				CODE_SIGN_STYLE = Automatic;
				INFOPLIST_FILE = LootLoggerTests/Info.plist;
				IPHONEOS_DEPLOYMENT_TARGET = 13.6;
				LD_RUNPATH_SEARCH_PATHS = (
					"$(inherited)",
					"@executable_path/Frameworks",
					"@loader_path/Frameworks",
				);
				PRODUCT_BUNDLE_IDENTIFIER = com.ziggy.LootLoggerTests;
				PRODUCT_NAME = "$(TARGET_NAME)";
				SWIFT_VERSION = 5.0;
				TARGETED_DEVICE_FAMILY = "1,2";
				TEST_HOST = "$(BUILT_PRODUCTS_DIR)/LootLogger.app/LootLogger";
			};
			name = Debug;
		};
		6D111925263F26BE00804536 /* Release */ = {
			isa = XCBuildConfiguration;
			buildSettings = {
				ALWAYS_EMBED_SWIFT_STANDARD_LIBRARIES = YES;
				BUNDLE_LOADER = "$(TEST_HOST)";
				CODE_SIGN_STYLE = Automatic;
				INFOPLIST_FILE = LootLoggerTests/Info.plist;
				IPHONEOS_DEPLOYMENT_TARGET = 13.6;
				LD_RUNPATH_SEARCH_PATHS = (
					"$(inherited)",
					"@executable_path/Frameworks",
					"@loader_path/Frameworks",
				);
				PRODUCT_BUNDLE_IDENTIFIER = com.ziggy.LootLoggerTests;
				PRODUCT_NAME = "$(TARGET_NAME)";
				SWIFT_VERSION = 5.0;
				TARGETED_DEVICE_FAMILY = "1,2";
				TEST_HOST = "$(BUILT_PRODUCTS_DIR)/LootLogger.app/LootLogger";
			};
			name = Release;
		};
		6D111927263F26BE00804536 /* Debug */ = {
			isa = XCBuildConfiguration;
			buildSettings = {
				ALWAYS_EMBED_SWIFT_STANDARD_LIBRARIES = YES;
				CODE_SIGN_STYLE = Automatic;
				INFOPLIST_FILE = LootLoggerUITests/Info.plist;
				LD_RUNPATH_SEARCH_PATHS = (
					"$(inherited)",
					"@executable_path/Frameworks",
					"@loader_path/Frameworks",
				);
				PRODUCT_BUNDLE_IDENTIFIER = com.ziggy.LootLoggerUITests;
				PRODUCT_NAME = "$(TARGET_NAME)";
				SWIFT_VERSION = 5.0;
				TARGETED_DEVICE_FAMILY = "1,2";
				TEST_TARGET_NAME = LootLogger;
			};
			name = Debug;
		};
		6D111928263F26BE00804536 /* Release */ = {
			isa = XCBuildConfiguration;
			buildSettings = {
				ALWAYS_EMBED_SWIFT_STANDARD_LIBRARIES = YES;
				CODE_SIGN_STYLE = Automatic;
				INFOPLIST_FILE = LootLoggerUITests/Info.plist;
				LD_RUNPATH_SEARCH_PATHS = (
					"$(inherited)",
					"@executable_path/Frameworks",
					"@loader_path/Frameworks",
				);
				PRODUCT_BUNDLE_IDENTIFIER = com.ziggy.LootLoggerUITests;
				PRODUCT_NAME = "$(TARGET_NAME)";
				SWIFT_VERSION = 5.0;
				TARGETED_DEVICE_FAMILY = "1,2";
				TEST_TARGET_NAME = LootLogger;
			};
			name = Release;
		};
/* End XCBuildConfiguration section */

/* Begin XCConfigurationList section */
		6D1118F1263F26BD00804536 /* Build configuration list for PBXProject "LootLogger" */ = {
			isa = XCConfigurationList;
			buildConfigurations = (
				6D11191E263F26BE00804536 /* Debug */,
				6D11191F263F26BE00804536 /* Release */,
			);
			defaultConfigurationIsVisible = 0;
			defaultConfigurationName = Release;
		};
		6D111920263F26BE00804536 /* Build configuration list for PBXNativeTarget "LootLogger" */ = {
			isa = XCConfigurationList;
			buildConfigurations = (
				6D111921263F26BE00804536 /* Debug */,
				6D111922263F26BE00804536 /* Release */,
			);
			defaultConfigurationIsVisible = 0;
			defaultConfigurationName = Release;
		};
		6D111923263F26BE00804536 /* Build configuration list for PBXNativeTarget "LootLoggerTests" */ = {
			isa = XCConfigurationList;
			buildConfigurations = (
				6D111924263F26BE00804536 /* Debug */,
				6D111925263F26BE00804536 /* Release */,
			);
			defaultConfigurationIsVisible = 0;
			defaultConfigurationName = Release;
		};
		6D111926263F26BE00804536 /* Build configuration list for PBXNativeTarget "LootLoggerUITests" */ = {
			isa = XCConfigurationList;
			buildConfigurations = (
				6D111927263F26BE00804536 /* Debug */,
				6D111928263F26BE00804536 /* Release */,
			);
			defaultConfigurationIsVisible = 0;
			defaultConfigurationName = Release;
		};
/* End XCConfigurationList section */
	};
	rootObject = 6D1118EE263F26BD00804536 /* Project object */;
}
